
Microsoft Visual Studio Solution File, Format Version 12.00
# Visual Studio Version 17
VisualStudioVersion = 17.7.34003.232
MinimumVisualStudioVersion = 10.0.40219.1
Project("{FAE04EC0-301F-11D3-BF4B-00C04F79EFBC}") = "GestionEventos.API", "GestionEventos.API\GestionEventos.API.csproj", "{DF049C25-8C79-4C27-BA49-EB360292948D}"
EndProject
Project("{FAE04EC0-301F-11D3-BF4B-00C04F79EFBC}") = "GestionEventos.WEB", "GestionEventos.WEB\GestionEventos.WEB.csproj", "{A2519ED3-E67F-4D04-90D7-8713FB01736E}"
EndProject
Project("{FAE04EC0-301F-11D3-BF4B-00C04F79EFBC}") = "GestionEventos.Shared", "GestionEventos.Shared\GestionEventos.Shared.csproj", "{7FDDAD50-D5FF-4681-AD0F-48D5BABFA86E}"
EndProject
Global
	GlobalSection(SolutionConfigurationPlatforms) = preSolution
		Debug|Any CPU = Debug|Any CPU
		Release|Any CPU = Release|Any CPU
	EndGlobalSection
	GlobalSection(ProjectConfigurationPlatforms) = postSolution
		{DF049C25-8C79-4C27-BA49-EB360292948D}.Debug|Any CPU.ActiveCfg = Debug|Any CPU
		{DF049C25-8C79-4C27-BA49-EB360292948D}.Debug|Any CPU.Build.0 = Debug|Any CPU
		{DF049C25-8C79-4C27-BA49-EB360292948D}.Release|Any CPU.ActiveCfg = Release|Any CPU
		{DF049C25-8C79-4C27-BA49-EB360292948D}.Release|Any CPU.Build.0 = Release|Any CPU
		{A2519ED3-E67F-4D04-90D7-8713FB01736E}.Debug|Any CPU.ActiveCfg = Debug|Any CPU
		{A2519ED3-E67F-4D04-90D7-8713FB01736E}.Debug|Any CPU.Build.0 = Debug|Any CPU
		{A2519ED3-E67F-4D04-90D7-8713FB01736E}.Release|Any CPU.ActiveCfg = Release|Any CPU
		{A2519ED3-E67F-4D04-90D7-8713FB01736E}.Release|Any CPU.Build.0 = Release|Any CPU
		{7FDDAD50-D5FF-4681-AD0F-48D5BABFA86E}.Debug|Any CPU.ActiveCfg = Debug|Any CPU
		{7FDDAD50-D5FF-4681-AD0F-48D5BABFA86E}.Debug|Any CPU.Build.0 = Debug|Any CPU
		{7FDDAD50-D5FF-4681-AD0F-48D5BABFA86E}.Release|Any CPU.ActiveCfg = Release|Any CPU
		{7FDDAD50-D5FF-4681-AD0F-48D5BABFA86E}.Release|Any CPU.Build.0 = Release|Any CPU
	EndGlobalSection
	GlobalSection(SolutionProperties) = preSolution
		HideSolutionNode = FALSE
	EndGlobalSection
	GlobalSection(ExtensibilityGlobals) = postSolution
		SolutionGuid = {0F4A564E-DBF8-480E-87F2-F28F2651995F}
	EndGlobalSection
EndGlobal
